version: 6
environments:
  default:
    channels:
    - url: https://conda.anaconda.org/conda-forge/
    options:
      pypi-prerelease-mode: if-necessary-or-explicit
    packages:
      linux-64:
      - conda: https://conda.anaconda.org/conda-forge/linux-64/_libgcc_mutex-0.1-conda_forge.tar.bz2
      - conda: https://conda.anaconda.org/conda-forge/linux-64/_openmp_mutex-4.5-2_gnu.tar.bz2
      - conda: https://conda.anaconda.org/conda-forge/linux-64/brotli-python-1.2.0-py314h3de4e8d_1.conda
      - conda: https://conda.anaconda.org/conda-forge/linux-64/bzip2-1.0.8-h4bc722e_7.conda
      - conda: https://conda.anaconda.org/conda-forge/linux-64/ca-certificates-2025.1.31-hbcca054_0.conda
      - conda: https://conda.anaconda.org/conda-forge/noarch/certifi-2024.12.14-pyhd8ed1ab_0.conda
      - conda: https://conda.anaconda.org/conda-forge/linux-64/cffi-2.0.0-py314h4a8dc5f_1.conda
      - conda: https://conda.anaconda.org/conda-forge/noarch/cfgv-3.3.1-pyhd8ed1ab_1.conda
      - conda: https://conda.anaconda.org/conda-forge/noarch/charset-normalizer-3.4.1-pyhd8ed1ab_0.conda
      - conda: https://conda.anaconda.org/conda-forge/noarch/distlib-0.3.9-pyhd8ed1ab_1.conda
      - conda: https://conda.anaconda.org/conda-forge/noarch/filelock-3.17.0-pyhd8ed1ab_0.conda
      - conda: https://conda.anaconda.org/conda-forge/noarch/h2-4.2.0-pyhd8ed1ab_0.conda
      - conda: https://conda.anaconda.org/conda-forge/noarch/hpack-4.1.0-pyhd8ed1ab_0.conda
      - conda: https://conda.anaconda.org/conda-forge/noarch/hyperframe-6.1.0-pyhd8ed1ab_0.conda
      - conda: https://conda.anaconda.org/conda-forge/linux-64/icu-78.3-h33c6efd_0.conda
      - conda: https://conda.anaconda.org/conda-forge/noarch/identify-2.6.6-pyhd8ed1ab_0.conda
      - conda: https://conda.anaconda.org/conda-forge/noarch/idna-3.10-pyhd8ed1ab_1.conda
      - conda: https://conda.anaconda.org/conda-forge/linux-64/ld_impl_linux-64-2.43-h712a8e2_2.conda
      - conda: https://conda.anaconda.org/conda-forge/linux-64/libexpat-2.7.5-hecca717_0.conda
      - conda: https://conda.anaconda.org/conda-forge/linux-64/libffi-3.5.2-h3435931_0.conda
      - conda: https://conda.anaconda.org/conda-forge/linux-64/libgcc-14.2.0-h77fa898_1.conda
      - conda: https://conda.anaconda.org/conda-forge/linux-64/libgcc-ng-14.2.0-h69a702a_1.conda
      - conda: https://conda.anaconda.org/conda-forge/linux-64/libgomp-14.2.0-h77fa898_1.conda
      - conda: https://conda.anaconda.org/conda-forge/linux-64/liblzma-5.8.2-hb03c661_0.conda
      - conda: https://conda.anaconda.org/conda-forge/linux-64/libmpdec-4.0.0-h4bc722e_0.conda
      - conda: https://conda.anaconda.org/conda-forge/linux-64/libsqlite-3.53.0-hf4e2dac_0.conda
      - conda: https://conda.anaconda.org/conda-forge/linux-64/libstdcxx-14.2.0-hc0a3c3a_1.conda
      - conda: https://conda.anaconda.org/conda-forge/linux-64/libuuid-2.42-h5347b49_0.conda
      - conda: https://conda.anaconda.org/conda-forge/linux-64/libzlib-1.3.2-h25fd6f3_2.conda
      - conda: https://conda.anaconda.org/conda-forge/linux-64/ncurses-6.5-h2d0b736_3.conda
      - conda: https://conda.anaconda.org/conda-forge/noarch/nodeenv-1.9.1-pyhd8ed1ab_1.conda
      - conda: https://conda.anaconda.org/conda-forge/linux-64/openssl-3.6.2-h35e630c_0.conda
      - conda: https://conda.anaconda.org/conda-forge/noarch/platformdirs-4.3.6-pyhd8ed1ab_1.conda
      - conda: https://conda.anaconda.org/conda-forge/noarch/pre-commit-4.5.1-pyha770c72_0.conda
      - conda: https://conda.anaconda.org/conda-forge/noarch/pycparser-2.22-pyh29332c3_1.conda
      - conda: https://conda.anaconda.org/conda-forge/noarch/pysocks-1.7.1-pyha55dd90_7.conda
      - conda: https://conda.anaconda.org/conda-forge/linux-64/python-3.14.4-habeac84_100_cp314.conda
      - conda: https://conda.anaconda.org/conda-forge/noarch/python_abi-3.14-8_cp314.conda
      - conda: https://conda.anaconda.org/conda-forge/linux-64/pyyaml-6.0.3-py314h67df5f8_1.conda
      - conda: https://conda.anaconda.org/conda-forge/linux-64/readline-8.3-h853b02a_0.conda
      - conda: https://conda.anaconda.org/conda-forge/noarch/requests-2.33.1-pyhcf101f3_0.conda
      - conda: https://conda.anaconda.org/conda-forge/noarch/setuptools-75.8.0-pyhff2d567_0.conda
      - conda: https://conda.anaconda.org/conda-forge/linux-64/tk-8.6.13-noxft_h4845f30_101.conda
      - conda: https://conda.anaconda.org/conda-forge/noarch/tzdata-2025a-h78e105d_0.conda
      - conda: https://conda.anaconda.org/conda-forge/linux-64/ukkonen-1.1.0-py314h9891dd4_0.conda
      - conda: https://conda.anaconda.org/conda-forge/noarch/urllib3-2.3.0-pyhd8ed1ab_0.conda
      - conda: https://conda.anaconda.org/conda-forge/noarch/virtualenv-20.29.1-pyhd8ed1ab_0.conda
      - conda: https://conda.anaconda.org/conda-forge/linux-64/yaml-0.2.5-h7f98852_2.tar.bz2
      - conda: https://conda.anaconda.org/conda-forge/linux-64/zstandard-0.25.0-py314h0f05182_1.conda
      - conda: https://conda.anaconda.org/conda-forge/linux-64/zstd-1.5.7-hb78ec9c_6.conda
      osx-arm64:
      - conda: https://conda.anaconda.org/conda-forge/noarch/backports.zstd-1.3.0-py314h680f03e_0.conda
      - conda: https://conda.anaconda.org/conda-forge/osx-arm64/brotli-python-1.2.0-py314h3daef5d_1.conda
      - conda: https://conda.anaconda.org/conda-forge/osx-arm64/bzip2-1.0.8-hd037594_9.conda
      - conda: https://conda.anaconda.org/conda-forge/noarch/ca-certificates-2026.2.25-hbd8a1cb_0.conda
      - conda: https://conda.anaconda.org/conda-forge/noarch/certifi-2026.2.25-pyhd8ed1ab_0.conda
      - conda: https://conda.anaconda.org/conda-forge/osx-arm64/cffi-2.0.0-py314h44086f9_1.conda
      - conda: https://conda.anaconda.org/conda-forge/noarch/cfgv-3.5.0-pyhd8ed1ab_0.conda
      - conda: https://conda.anaconda.org/conda-forge/noarch/charset-normalizer-3.4.7-pyhd8ed1ab_0.conda
      - conda: https://conda.anaconda.org/conda-forge/noarch/distlib-0.4.0-pyhd8ed1ab_0.conda
      - conda: https://conda.anaconda.org/conda-forge/noarch/filelock-3.25.2-pyhd8ed1ab_0.conda
      - conda: https://conda.anaconda.org/conda-forge/noarch/h2-4.3.0-pyhcf101f3_0.conda
      - conda: https://conda.anaconda.org/conda-forge/noarch/hpack-4.1.0-pyhd8ed1ab_0.conda
      - conda: https://conda.anaconda.org/conda-forge/noarch/hyperframe-6.1.0-pyhd8ed1ab_0.conda
      - conda: https://conda.anaconda.org/conda-forge/noarch/identify-2.6.18-pyhd8ed1ab_0.conda
      - conda: https://conda.anaconda.org/conda-forge/noarch/idna-3.11-pyhd8ed1ab_0.conda
      - conda: https://conda.anaconda.org/conda-forge/noarch/importlib-metadata-8.8.0-pyhcf101f3_0.conda
      - conda: https://conda.anaconda.org/conda-forge/osx-arm64/libcxx-22.1.3-h55c6f16_0.conda
      - conda: https://conda.anaconda.org/conda-forge/osx-arm64/libexpat-2.7.5-hf6b4638_0.conda
      - conda: https://conda.anaconda.org/conda-forge/osx-arm64/libffi-3.5.2-hcf2aa1b_0.conda
      - conda: https://conda.anaconda.org/conda-forge/osx-arm64/liblzma-5.8.2-h8088a28_0.conda
      - conda: https://conda.anaconda.org/conda-forge/osx-arm64/libmpdec-4.0.0-h84a0fba_1.conda
      - conda: https://conda.anaconda.org/conda-forge/osx-arm64/libsqlite-3.53.0-h1b79a29_0.conda
      - conda: https://conda.anaconda.org/conda-forge/osx-arm64/libzlib-1.3.2-h8088a28_2.conda
      - conda: https://conda.anaconda.org/conda-forge/osx-arm64/ncurses-6.5-h5e97a16_3.conda
      - conda: https://conda.anaconda.org/conda-forge/noarch/nodeenv-1.10.0-pyhd8ed1ab_0.conda
      - conda: https://conda.anaconda.org/conda-forge/osx-arm64/openssl-3.6.2-hd24854e_0.conda
      - conda: https://conda.anaconda.org/conda-forge/noarch/platformdirs-4.9.6-pyhcf101f3_0.conda
      - conda: https://conda.anaconda.org/conda-forge/noarch/pre-commit-4.5.1-pyha770c72_0.conda
      - conda: https://conda.anaconda.org/conda-forge/noarch/pycparser-2.22-pyh29332c3_1.conda
      - conda: https://conda.anaconda.org/conda-forge/noarch/pysocks-1.7.1-pyha55dd90_7.conda
      - conda: https://conda.anaconda.org/conda-forge/osx-arm64/python-3.14.4-h4c637c5_100_cp314.conda
      - conda: https://conda.anaconda.org/conda-forge/noarch/python-discovery-1.2.2-pyhcf101f3_0.conda
      - conda: https://conda.anaconda.org/conda-forge/noarch/python_abi-3.14-8_cp314.conda
      - conda: https://conda.anaconda.org/conda-forge/osx-arm64/pyyaml-6.0.3-py314h6e9b3f0_1.conda
      - conda: https://conda.anaconda.org/conda-forge/osx-arm64/readline-8.3-h46df422_0.conda
      - conda: https://conda.anaconda.org/conda-forge/noarch/requests-2.33.1-pyhcf101f3_0.conda
      - conda: https://conda.anaconda.org/conda-forge/noarch/setuptools-82.0.1-pyh332efcf_0.conda
      - conda: https://conda.anaconda.org/conda-forge/osx-arm64/tk-8.6.13-h010d191_3.conda
      - conda: https://conda.anaconda.org/conda-forge/noarch/typing_extensions-4.15.0-pyhcf101f3_0.conda
      - conda: https://conda.anaconda.org/conda-forge/noarch/tzdata-2025c-hc9c84f9_1.conda
      - conda: https://conda.anaconda.org/conda-forge/osx-arm64/ukkonen-1.1.0-py314h6cfcd04_0.conda
      - conda: https://conda.anaconda.org/conda-forge/noarch/urllib3-2.6.3-pyhd8ed1ab_0.conda
      - conda: https://conda.anaconda.org/conda-forge/noarch/virtualenv-21.2.0-pyhcf101f3_0.conda
      - conda: https://conda.anaconda.org/conda-forge/osx-arm64/yaml-0.2.5-h925e9cb_3.conda
      - conda: https://conda.anaconda.org/conda-forge/noarch/zipp-3.23.0-pyhcf101f3_1.conda
      - conda: https://conda.anaconda.org/conda-forge/osx-arm64/zstd-1.5.7-hbf9d68e_6.conda
packages:
- conda: https://conda.anaconda.org/conda-forge/linux-64/_libgcc_mutex-0.1-conda_forge.tar.bz2
  sha256: fe51de6107f9edc7aa4f786a70f4a883943bc9d39b3bb7307c04c41410990726
  md5: d7c89558ba9fa0495403155b64376d81
  license: None
  size: 2562
  timestamp: 1578324546067
- conda: https://conda.anaconda.org/conda-forge/linux-64/_openmp_mutex-4.5-2_gnu.tar.bz2
  build_number: 16
  sha256: fbe2c5e56a653bebb982eda4876a9178aedfc2b545f25d0ce9c4c0b508253d22
  md5: 73aaf86a425cc6e73fcf236a5a46396d
  depends:
  - _libgcc_mutex 0.1 conda_forge
  - libgomp >=7.5.0
  constrains:
  - openmp_impl 9999
  license: BSD-3-Clause
  license_family: BSD
  size: 23621
  timestamp: 1650670423406
- conda: https://conda.anaconda.org/conda-forge/noarch/backports.zstd-1.3.0-py314h680f03e_0.conda
  noarch: generic
  sha256: c31ab719d256bc6f89926131e88ecd0f0c5d003fe8481852c6424f4ec6c7eb29
  md5: a2ac7763a9ac75055b68f325d3255265
  depends:
  - python >=3.14
  license: BSD-3-Clause AND MIT AND EPL-2.0
  size: 7514
  timestamp: 1767044983590
- conda: https://conda.anaconda.org/conda-forge/linux-64/brotli-python-1.2.0-py314h3de4e8d_1.conda
  sha256: 3ad3500bff54a781c29f16ce1b288b36606e2189d0b0ef2f67036554f47f12b0
  md5: 8910d2c46f7e7b519129f486e0fe927a
  depends:
  - __glibc >=2.17,<3.0.a0
  - libgcc >=14
  - libstdcxx >=14
  - python >=3.14,<3.15.0a0
  - python_abi 3.14.* *_cp314
  constrains:
  - libbrotlicommon 1.2.0 hb03c661_1
  license: MIT
  license_family: MIT
  size: 367376
  timestamp: 1764017265553
- conda: https://conda.anaconda.org/conda-forge/osx-arm64/brotli-python-1.2.0-py314h3daef5d_1.conda
  sha256: 5c2e471fd262fcc3c5a9d5ea4dae5917b885e0e9b02763dbd0f0d9635ed4cb99
  md5: f9501812fe7c66b6548c7fcaa1c1f252
  depends:
  - __osx >=11.0
  - libcxx >=19
  - python >=3.14,<3.15.0a0
  - python >=3.14,<3.15.0a0 *_cp314
  - python_abi 3.14.* *_cp314
  constrains:
  - libbrotlicommon 1.2.0 hc919400_1
  license: MIT
  license_family: MIT
  size: 359854
  timestamp: 1764018178608
- conda: https://conda.anaconda.org/conda-forge/linux-64/bzip2-1.0.8-h4bc722e_7.conda
  sha256: 5ced96500d945fb286c9c838e54fa759aa04a7129c59800f0846b4335cee770d
  md5: 62ee74e96c5ebb0af99386de58cf9553
  depends:
  - __glibc >=2.17,<3.0.a0
  - libgcc-ng >=12
  license: bzip2-1.0.6
  license_family: BSD
  size: 252783
  timestamp: 1720974456583
- conda: https://conda.anaconda.org/conda-forge/osx-arm64/bzip2-1.0.8-hd037594_9.conda
  sha256: 540fe54be35fac0c17feefbdc3e29725cce05d7367ffedfaaa1bdda234b019df
  md5: 620b85a3f45526a8bc4d23fd78fc22f0
  depends:
  - __osx >=11.0
  license: bzip2-1.0.6
  license_family: BSD
  size: 124834
  timestamp: 1771350416561
- conda: https://conda.anaconda.org/conda-forge/linux-64/ca-certificates-2025.1.31-hbcca054_0.conda
  sha256: bf832198976d559ab44d6cdb315642655547e26d826e34da67cbee6624cda189
  md5: 19f3a56f68d2fd06c516076bff482c52
  license: ISC
  size: 158144
  timestamp: 1738298224464
- conda: https://conda.anaconda.org/conda-forge/noarch/ca-certificates-2026.2.25-hbd8a1cb_0.conda
  sha256: 67cc7101b36421c5913a1687ef1b99f85b5d6868da3abbf6ec1a4181e79782fc
  md5: 4492fd26db29495f0ba23f146cd5638d
  depends:
  - __unix
  license: ISC
  size: 147413
  timestamp: 1772006283803
- conda: https://conda.anaconda.org/conda-forge/noarch/certifi-2024.12.14-pyhd8ed1ab_0.conda
  sha256: 048c16a9cbcb1fbad02083414d3bc7c1d0eea4b39aee6aa6bf8d1d5089ca8bad
  md5: 6feb87357ecd66733be3279f16a8c400
  depends:
  - python >=3.9
  license: ISC
  size: 161642
  timestamp: 1734380604767
- conda: https://conda.anaconda.org/conda-forge/noarch/certifi-2026.2.25-pyhd8ed1ab_0.conda
  sha256: a6b118fd1ed6099dc4fc03f9c492b88882a780fadaef4ed4f93dc70757713656
  md5: 765c4d97e877cdbbb88ff33152b86125
  depends:
  - python >=3.10
  license: ISC
  size: 151445
  timestamp: 1772001170301
- conda: https://conda.anaconda.org/conda-forge/linux-64/cffi-2.0.0-py314h4a8dc5f_1.conda
  sha256: c6339858a0aaf5d939e00d345c98b99e4558f285942b27232ac098ad17ac7f8e
  md5: cf45f4278afd6f4e6d03eda0f435d527
  depends:
  - __glibc >=2.17,<3.0.a0
  - libffi >=3.5.2,<3.6.0a0
  - libgcc >=14
  - pycparser
  - python >=3.14,<3.15.0a0
  - python_abi 3.14.* *_cp314
  license: MIT
  license_family: MIT
  size: 300271
  timestamp: 1761203085220
- conda: https://conda.anaconda.org/conda-forge/osx-arm64/cffi-2.0.0-py314h44086f9_1.conda
  sha256: 5b5ee5de01eb4e4fd2576add5ec9edfc654fbaf9293e7b7ad2f893a67780aa98
  md5: 10dd19e4c797b8f8bdb1ec1fbb6821d7
  depends:
  - __osx >=11.0
  - libffi >=3.5.2,<3.6.0a0
  - pycparser
  - python >=3.14,<3.15.0a0
  - python >=3.14,<3.15.0a0 *_cp314
  - python_abi 3.14.* *_cp314
  license: MIT
  license_family: MIT
  size: 292983
  timestamp: 1761203354051
- conda: https://conda.anaconda.org/conda-forge/noarch/cfgv-3.3.1-pyhd8ed1ab_1.conda
  sha256: d5696636733b3c301054b948cdd793f118efacce361d9bd4afb57d5980a9064f
  md5: 57df494053e17dce2ac3a0b33e1b2a2e
  depends:
  - python >=3.9
  license: MIT
  license_family: MIT
  size: 12973
  timestamp: 1734267180483
- conda: https://conda.anaconda.org/conda-forge/noarch/cfgv-3.5.0-pyhd8ed1ab_0.conda
  sha256: aa589352e61bb221351a79e5946d56916e3c595783994884accdb3b97fe9d449
  md5: 381bd45fb7aa032691f3063aff47e3a1
  depends:
  - python >=3.10
  license: MIT
  license_family: MIT
  size: 13589
  timestamp: 1763607964133
- conda: https://conda.anaconda.org/conda-forge/noarch/charset-normalizer-3.4.1-pyhd8ed1ab_0.conda
  sha256: 4e0ee91b97e5de3e74567bdacea27f0139709fceca4db8adffbe24deffccb09b
  md5: e83a31202d1c0a000fce3e9cf3825875
  depends:
  - python >=3.9
  license: MIT
  license_family: MIT
  size: 47438
  timestamp: 1735929811779
- conda: https://conda.anaconda.org/conda-forge/noarch/charset-normalizer-3.4.7-pyhd8ed1ab_0.conda
  sha256: 3f9483d62ce24ecd063f8a5a714448445dc8d9e201147c46699fc0033e824457
  md5: a9167b9571f3baa9d448faa2139d1089
  depends:
  - python >=3.10
  license: MIT
  license_family: MIT
  size: 58872
  timestamp: 1775127203018
- conda: https://conda.anaconda.org/conda-forge/noarch/distlib-0.3.9-pyhd8ed1ab_1.conda
  sha256: 0e160c21776bd881b79ce70053e59736f51036784fa43a50da10a04f0c1b9c45
  md5: 8d88f4a2242e6b96f9ecff9a6a05b2f1
  depends:
  - python >=3.9
  license: Apache-2.0
  license_family: APACHE
  size: 274151
  timestamp: 1733238487461
- conda: https://conda.anaconda.org/conda-forge/noarch/distlib-0.4.0-pyhd8ed1ab_0.conda
  sha256: 6d977f0b2fc24fee21a9554389ab83070db341af6d6f09285360b2e09ef8b26e
  md5: 003b8ba0a94e2f1e117d0bd46aebc901
  depends:
  - python >=3.9
  license: Apache-2.0
  license_family: APACHE
  size: 275642
  timestamp: 1752823081585
- conda: https://conda.anaconda.org/conda-forge/noarch/filelock-3.17.0-pyhd8ed1ab_0.conda
  sha256: 006d7e5a0c17a6973596dd86bfc80d74ce541144d2aee2d22d46fd41df560a63
  md5: 7f402b4a1007ee355bc50ce4d24d4a57
  depends:
  - python >=3.9
  license: Unlicense
  size: 17544
  timestamp: 1737517924333
- conda: https://conda.anaconda.org/conda-forge/noarch/filelock-3.25.2-pyhd8ed1ab_0.conda
  sha256: dddea9ec53d5e179de82c24569d41198f98db93314f0adae6b15195085d5567f
  md5: f58064cec97b12a7136ebb8a6f8a129b
  depends:
  - python >=3.10
  license: Unlicense
  size: 25845
  timestamp: 1773314012590
- conda: https://conda.anaconda.org/conda-forge/noarch/h2-4.2.0-pyhd8ed1ab_0.conda
  sha256: 0aa1cdc67a9fe75ea95b5644b734a756200d6ec9d0dff66530aec3d1c1e9df75
  md5: b4754fb1bdcb70c8fd54f918301582c6
  depends:
  - hpack >=4.1,<5
  - hyperframe >=6.1,<7
  - python >=3.9
  license: MIT
  license_family: MIT
  size: 53888
  timestamp: 1738578623567
- conda: https://conda.anaconda.org/conda-forge/noarch/h2-4.3.0-pyhcf101f3_0.conda
  sha256: 84c64443368f84b600bfecc529a1194a3b14c3656ee2e832d15a20e0329b6da3
  md5: 164fc43f0b53b6e3a7bc7dce5e4f1dc9
  depends:
  - python >=3.10
  - hyperframe >=6.1,<7
  - hpack >=4.1,<5
  - python
  license: MIT
  license_family: MIT
  size: 95967
  timestamp: 1756364871835
- conda: https://conda.anaconda.org/conda-forge/noarch/hpack-4.1.0-pyhd8ed1ab_0.conda
  sha256: 6ad78a180576c706aabeb5b4c8ceb97c0cb25f1e112d76495bff23e3779948ba
  md5: 0a802cb9888dd14eeefc611f05c40b6e
  depends:
  - python >=3.9
  license: MIT
  license_family: MIT
  size: 30731
  timestamp: 1737618390337
- conda: https://conda.anaconda.org/conda-forge/noarch/hyperframe-6.1.0-pyhd8ed1ab_0.conda
  sha256: 77af6f5fe8b62ca07d09ac60127a30d9069fdc3c68d6b256754d0ffb1f7779f8
  md5: 8e6923fc12f1fe8f8c4e5c9f343256ac
  depends:
  - python >=3.9
  license: MIT
  license_family: MIT
  size: 17397
  timestamp: 1737618427549
- conda: https://conda.anaconda.org/conda-forge/linux-64/icu-78.3-h33c6efd_0.conda
  sha256: fbf86c4a59c2ed05bbffb2ba25c7ed94f6185ec30ecb691615d42342baa1a16a
  md5: c80d8a3b84358cb967fa81e7075fbc8a
  depends:
  - __glibc >=2.17,<3.0.a0
  - libgcc >=14
  - libstdcxx >=14
  license: MIT
  license_family: MIT
  size: 12723451
  timestamp: 1773822285671
- conda: https://conda.anaconda.org/conda-forge/noarch/identify-2.6.18-pyhd8ed1ab_0.conda
  sha256: 3bae1b612ccc71e49c5795a369a82c4707ae6fd4e63360e8ecc129f9539f779b
  md5: 635d1a924e1c55416fce044ed96144a2
  depends:
  - python >=3.10
  - ukkonen
  license: MIT
  license_family: MIT
  size: 79749
  timestamp: 1774239544252
- conda: https://conda.anaconda.org/conda-forge/noarch/identify-2.6.6-pyhd8ed1ab_0.conda
  sha256: bb7483a113966d3d10b6e91edb79e7006f050fd40a842935848c15d12eff56d3
  md5: d751c3b4a973ed15b57be90d68c716d1
  depends:
  - python >=3.9
  - ukkonen
  license: MIT
  license_family: MIT
  size: 78562
  timestamp: 1737421654786
- conda: https://conda.anaconda.org/conda-forge/noarch/idna-3.10-pyhd8ed1ab_1.conda
  sha256: d7a472c9fd479e2e8dcb83fb8d433fce971ea369d704ece380e876f9c3494e87
  md5: 39a4f67be3286c86d696df570b1201b7
  depends:
  - python >=3.9
  license: BSD-3-Clause
  license_family: BSD
  size: 49765
  timestamp: 1733211921194
- conda: https://conda.anaconda.org/conda-forge/noarch/idna-3.11-pyhd8ed1ab_0.conda
  sha256: ae89d0299ada2a3162c2614a9d26557a92aa6a77120ce142f8e0109bbf0342b0
  md5: 53abe63df7e10a6ba605dc5f9f961d36
  depends:
  - python >=3.10
  license: BSD-3-Clause
  license_family: BSD
  size: 50721
  timestamp: 1760286526795
- conda: https://conda.anaconda.org/conda-forge/noarch/importlib-metadata-8.8.0-pyhcf101f3_0.conda
  sha256: 82ab2a0d91ca1e7e63ab6a4939356667ef683905dea631bc2121aa534d347b16
  md5: 080594bf4493e6bae2607e65390c520a
  depends:
  - python >=3.10
  - zipp >=3.20
  - python
  license: Apache-2.0
  license_family: APACHE
  size: 34387
  timestamp: 1773931568510
- conda: https://conda.anaconda.org/conda-forge/linux-64/ld_impl_linux-64-2.43-h712a8e2_2.conda
  sha256: 7c91cea91b13f4314d125d1bedb9d03a29ebbd5080ccdea70260363424646dbe
  md5: 048b02e3962f066da18efe3a21b77672
  depends:
  - __glibc >=2.17,<3.0.a0
  constrains:
  - binutils_impl_linux-64 2.43
  license: GPL-3.0-only
  license_family: GPL
  size: 669211
  timestamp: 1729655358674
- conda: https://conda.anaconda.org/conda-forge/osx-arm64/libcxx-22.1.3-h55c6f16_0.conda
  sha256: 34cc56c627b01928e49731bcfe92338e440ab6b5952feee8f1dd16570b8b8339
  md5: acbb3f547c4aae16b19e417db0c6e5ed
  depends:
  - __osx >=11.0
  license: Apache-2.0 WITH LLVM-exception
  license_family: Apache
  size: 570026
  timestamp: 1775565121045
- conda: https://conda.anaconda.org/conda-forge/linux-64/libexpat-2.7.5-hecca717_0.conda
  sha256: e8c2b57f6aacabdf2f1b0924bd4831ce5071ba080baa4a9e8c0d720588b6794c
  md5: 49f570f3bc4c874a06ea69b7225753af
  depends:
  - __glibc >=2.17,<3.0.a0
  - libgcc >=14
  constrains:
  - expat 2.7.5.*
  license: MIT
  license_family: MIT
  size: 76624
  timestamp: 1774719175983
- conda: https://conda.anaconda.org/conda-forge/osx-arm64/libexpat-2.7.5-hf6b4638_0.conda
  sha256: 06780dec91dd25770c8cf01e158e1062fbf7c576b1406427475ce69a8af75b7e
  md5: a32123f93e168eaa4080d87b0fb5da8a
  depends:
  - __osx >=11.0
  constrains:
  - expat 2.7.5.*
  license: MIT
  license_family: MIT
  size: 68192
  timestamp: 1774719211725
- conda: https://conda.anaconda.org/conda-forge/linux-64/libffi-3.5.2-h3435931_0.conda
  sha256: 31f19b6a88ce40ebc0d5a992c131f57d919f73c0b92cd1617a5bec83f6e961e6
  md5: a360c33a5abe61c07959e449fa1453eb
  depends:
  - __glibc >=2.17,<3.0.a0
  - libgcc >=14
  license: MIT
  license_family: MIT
  size: 58592
  timestamp: 1769456073053
- conda: https://conda.anaconda.org/conda-forge/osx-arm64/libffi-3.5.2-hcf2aa1b_0.conda
  sha256: 6686a26466a527585e6a75cc2a242bf4a3d97d6d6c86424a441677917f28bec7
  md5: 43c04d9cb46ef176bb2a4c77e324d599
  depends:
  - __osx >=11.0
  license: MIT
  license_family: MIT
  size: 40979
  timestamp: 1769456747661
- conda: https://conda.anaconda.org/conda-forge/linux-64/libgcc-14.2.0-h77fa898_1.conda
  sha256: 53eb8a79365e58849e7b1a068d31f4f9e718dc938d6f2c03e960345739a03569
  md5: 3cb76c3f10d3bc7f1105b2fc9db984df
  depends:
  - _libgcc_mutex 0.1 conda_forge
  - _openmp_mutex >=4.5
  constrains:
  - libgomp 14.2.0 h77fa898_1
  - libgcc-ng ==14.2.0=*_1
  license: GPL-3.0-only WITH GCC-exception-3.1
  license_family: GPL
  size: 848745
  timestamp: 1729027721139
- conda: https://conda.anaconda.org/conda-forge/linux-64/libgcc-ng-14.2.0-h69a702a_1.conda
  sha256: 3a76969c80e9af8b6e7a55090088bc41da4cffcde9e2c71b17f44d37b7cb87f7
  md5: e39480b9ca41323497b05492a63bc35b
  depends:
  - libgcc 14.2.0 h77fa898_1
  license: GPL-3.0-only WITH GCC-exception-3.1
  license_family: GPL
  size: 54142
  timestamp: 1729027726517
- conda: https://conda.anaconda.org/conda-forge/linux-64/libgomp-14.2.0-h77fa898_1.conda
  sha256: 1911c29975ec99b6b906904040c855772ccb265a1c79d5d75c8ceec4ed89cd63
  md5: cc3573974587f12dda90d96e3e55a702
  depends:
  - _libgcc_mutex 0.1 conda_forge
  license: GPL-3.0-only WITH GCC-exception-3.1
  license_family: GPL
  size: 460992
  timestamp: 1729027639220
- conda: https://conda.anaconda.org/conda-forge/linux-64/liblzma-5.8.2-hb03c661_0.conda
  sha256: 755c55ebab181d678c12e49cced893598f2bab22d582fbbf4d8b83c18be207eb
  md5: c7c83eecbb72d88b940c249af56c8b17
  depends:
  - __glibc >=2.17,<3.0.a0
  - libgcc >=14
  constrains:
  - xz 5.8.2.*
  license: 0BSD
  size: 113207
  timestamp: 1768752626120
- conda: https://conda.anaconda.org/conda-forge/osx-arm64/liblzma-5.8.2-h8088a28_0.conda
  sha256: 7bfc7ffb2d6a9629357a70d4eadeadb6f88fa26ebc28f606b1c1e5e5ed99dc7e
  md5: 009f0d956d7bfb00de86901d16e486c7
  depends:
  - __osx >=11.0
  constrains:
  - xz 5.8.2.*
  license: 0BSD
  size: 92242
  timestamp: 1768752982486
- conda: https://conda.anaconda.org/conda-forge/linux-64/libmpdec-4.0.0-h4bc722e_0.conda
  sha256: d02d1d3304ecaf5c728e515eb7416517a0b118200cd5eacbe829c432d1664070
  md5: aeb98fdeb2e8f25d43ef71fbacbeec80
  depends:
  - __glibc >=2.17,<3.0.a0
  - libgcc-ng >=12
  license: BSD-2-Clause
  license_family: BSD
  size: 89991
  timestamp: 1723817448345
- conda: https://conda.anaconda.org/conda-forge/osx-arm64/libmpdec-4.0.0-h84a0fba_1.conda
  sha256: 1089c7f15d5b62c622625ec6700732ece83be8b705da8c6607f4dabb0c4bd6d2
  md5: 57c4be259f5e0b99a5983799a228ae55
  depends:
  - __osx >=11.0
  license: BSD-2-Clause
  license_family: BSD
  size: 73690
  timestamp: 1769482560514
- conda: https://conda.anaconda.org/conda-forge/linux-64/libsqlite-3.53.0-hf4e2dac_0.conda
  sha256: ec37c79f737933bbac965f5dc0f08ef2790247129a84bb3114fad4900adce401
  md5: 810d83373448da85c3f673fbcb7ad3a3
  depends:
  - __glibc >=2.17,<3.0.a0
  - icu >=78.3,<79.0a0
  - libgcc >=14
  - libzlib >=1.3.2,<2.0a0
  license: blessing
  size: 958864
  timestamp: 1775753750179
- conda: https://conda.anaconda.org/conda-forge/osx-arm64/libsqlite-3.53.0-h1b79a29_0.conda
  sha256: 1a9d1e3e18dbb0b87cff3b40c3e42703730d7ac7ee9b9322c2682196a81ba0c3
  md5: 8423c008105df35485e184066cad4566
  depends:
  - __osx >=11.0
  - libzlib >=1.3.2,<2.0a0
  license: blessing
  size: 920039
  timestamp: 1775754485962
- conda: https://conda.anaconda.org/conda-forge/linux-64/libstdcxx-14.2.0-hc0a3c3a_1.conda
  sha256: 4661af0eb9bdcbb5fb33e5d0023b001ad4be828fccdcc56500059d56f9869462
  md5: 234a5554c53625688d51062645337328
  depends:
  - libgcc 14.2.0 h77fa898_1
  license: GPL-3.0-only WITH GCC-exception-3.1
  license_family: GPL
  size: 3893695
  timestamp: 1729027746910
- conda: https://conda.anaconda.org/conda-forge/linux-64/libuuid-2.42-h5347b49_0.conda
  sha256: bc1b08c92626c91500fd9f26f2c797f3eb153b627d53e9c13cd167f1e12b2829
  md5: 38ffe67b78c9d4de527be8315e5ada2c
  depends:
  - __glibc >=2.17,<3.0.a0
  - libgcc >=14
  license: BSD-3-Clause
  license_family: BSD
  size: 40297
  timestamp: 1775052476770
- conda: https://conda.anaconda.org/conda-forge/linux-64/libzlib-1.3.2-h25fd6f3_2.conda
  sha256: 55044c403570f0dc26e6364de4dc5368e5f3fc7ff103e867c487e2b5ab2bcda9
  md5: d87ff7921124eccd67248aa483c23fec
  depends:
  - __glibc >=2.17,<3.0.a0
  constrains:
  - zlib 1.3.2 *_2
  license: Zlib
  license_family: Other
  size: 63629
  timestamp: 1774072609062
- conda: https://conda.anaconda.org/conda-forge/osx-arm64/libzlib-1.3.2-h8088a28_2.conda
  sha256: 361415a698514b19a852f5d1123c5da746d4642139904156ddfca7c922d23a05
  md5: bc5a5721b6439f2f62a84f2548136082
  depends:
  - __osx >=11.0
  constrains:
  - zlib 1.3.2 *_2
  license: Zlib
  license_family: Other
  size: 47759
  timestamp: 1774072956767
- conda: https://conda.anaconda.org/conda-forge/linux-64/ncurses-6.5-h2d0b736_3.conda
  sha256: 3fde293232fa3fca98635e1167de6b7c7fda83caf24b9d6c91ec9eefb4f4d586
  md5: 47e340acb35de30501a76c7c799c41d7
  depends:
  - __glibc >=2.17,<3.0.a0
  - libgcc >=13
  license: X11 AND BSD-3-Clause
  size: 891641
  timestamp: 1738195959188
- conda: https://conda.anaconda.org/conda-forge/osx-arm64/ncurses-6.5-h5e97a16_3.conda
  sha256: 2827ada40e8d9ca69a153a45f7fd14f32b2ead7045d3bbb5d10964898fe65733
  md5: 068d497125e4bf8a66bf707254fff5ae
  depends:
  - __osx >=11.0
  license: X11 AND BSD-3-Clause
  size: 797030
  timestamp: 1738196177597
- conda: https://conda.anaconda.org/conda-forge/noarch/nodeenv-1.10.0-pyhd8ed1ab_0.conda
  sha256: 4fa40e3e13fc6ea0a93f67dfc76c96190afd7ea4ffc1bac2612d954b42cdc3ee
  md5: eb52d14a901e23c39e9e7b4a1a5c015f
  depends:
  - python >=3.10
  - setuptools
  license: BSD-3-Clause
  license_family: BSD
  size: 40866
  timestamp: 1766261270149
- conda: https://conda.anaconda.org/conda-forge/noarch/nodeenv-1.9.1-pyhd8ed1ab_1.conda
  sha256: 3636eec0e60466a00069b47ce94b6d88b01419b6577d8e393da44bb5bc8d3468
  md5: 7ba3f09fceae6a120d664217e58fe686
  depends:
  - python >=3.9
  - setuptools
  license: BSD-3-Clause
  license_family: BSD
  size: 34574
  timestamp: 1734112236147
- conda: https://conda.anaconda.org/conda-forge/linux-64/openssl-3.6.2-h35e630c_0.conda
  sha256: c0ef482280e38c71a08ad6d71448194b719630345b0c9c60744a2010e8a8e0cb
  md5: da1b85b6a87e141f5140bb9924cecab0
  depends:
  - __glibc >=2.17,<3.0.a0
  - ca-certificates
  - libgcc >=14
  license: Apache-2.0
  license_family: Apache
  size: 3167099
  timestamp: 1775587756857
- conda: https://conda.anaconda.org/conda-forge/osx-arm64/openssl-3.6.2-hd24854e_0.conda
  sha256: c91bf510c130a1ea1b6ff023e28bac0ccaef869446acd805e2016f69ebdc49ea
  md5: 25dcccd4f80f1638428613e0d7c9b4e1
  depends:
  - __osx >=11.0
  - ca-certificates
  license: Apache-2.0
  license_family: Apache
  size: 3106008
  timestamp: 1775587972483
- conda: https://conda.anaconda.org/conda-forge/noarch/platformdirs-4.3.6-pyhd8ed1ab_1.conda
  sha256: bb50f6499e8bc1d1a26f17716c97984671121608dc0c3ecd34858112bce59a27
  md5: 577852c7e53901ddccc7e6a9959ddebe
  depends:
  - python >=3.9
  license: MIT
  license_family: MIT
  size: 20448
  timestamp: 1733232756001
- conda: https://conda.anaconda.org/conda-forge/noarch/platformdirs-4.9.6-pyhcf101f3_0.conda
  sha256: 8f29915c172f1f7f4f7c9391cd5dac3ebf5d13745c8b7c8006032615246345a5
  md5: 89c0b6d1793601a2a3a3f7d2d3d8b937
  depends:
  - python >=3.10
  - python
  license: MIT
  license_family: MIT
  size: 25862
  timestamp: 1775741140609
- conda: https://conda.anaconda.org/conda-forge/noarch/pre-commit-4.5.1-pyha770c72_0.conda
  sha256: 5b81b7516d4baf43d0c185896b245fa7384b25dc5615e7baa504b7fa4e07b706
  md5: 7f3ac694319c7eaf81a0325d6405e974
  depends:
  - cfgv >=2.0.0
  - identify >=1.0.0
  - nodeenv >=0.11.1
  - python >=3.10
  - pyyaml >=5.1
  - virtualenv >=20.10.0
  license: MIT
  license_family: MIT
  size: 200827
  timestamp: 1765937577534
- conda: https://conda.anaconda.org/conda-forge/noarch/pycparser-2.22-pyh29332c3_1.conda
  sha256: 79db7928d13fab2d892592223d7570f5061c192f27b9febd1a418427b719acc6
  md5: 12c566707c80111f9799308d9e265aef
  depends:
  - python >=3.9
  - python
  license: BSD-3-Clause
  license_family: BSD
  size: 110100
  timestamp: 1733195786147
- conda: https://conda.anaconda.org/conda-forge/noarch/pysocks-1.7.1-pyha55dd90_7.conda
  sha256: ba3b032fa52709ce0d9fd388f63d330a026754587a2f461117cac9ab73d8d0d8
  md5: 461219d1a5bd61342293efa2c0c90eac
  depends:
  - __unix
  - python >=3.9
  license: BSD-3-Clause
  license_family: BSD
  size: 21085
  timestamp: 1733217331982
- conda: https://conda.anaconda.org/conda-forge/linux-64/python-3.14.4-habeac84_100_cp314.conda
  build_number: 100
  sha256: dec247c5badc811baa34d6085df9d0465535883cf745e22e8d79092ad54a3a7b
  md5: a443f87920815d41bfe611296e507995
  depends:
  - __glibc >=2.17,<3.0.a0
  - bzip2 >=1.0.8,<2.0a0
  - ld_impl_linux-64 >=2.36.1
  - libexpat >=2.7.5,<3.0a0
  - libffi >=3.5.2,<3.6.0a0
  - libgcc >=14
  - liblzma >=5.8.2,<6.0a0
  - libmpdec >=4.0.0,<5.0a0
  - libsqlite >=3.52.0,<4.0a0
  - libuuid >=2.42,<3.0a0
  - libzlib >=1.3.2,<2.0a0
  - ncurses >=6.5,<7.0a0
  - openssl >=3.5.6,<4.0a0
  - python_abi 3.14.* *_cp314
  - readline >=8.3,<9.0a0
  - tk >=8.6.13,<8.7.0a0
  - tzdata
  - zstd >=1.5.7,<1.6.0a0
  license: Python-2.0
  size: 36705460
  timestamp: 1775614357822
  python_site_packages_path: lib/python3.14/site-packages
- conda: https://conda.anaconda.org/conda-forge/osx-arm64/python-3.14.4-h4c637c5_100_cp314.conda
  build_number: 100
  sha256: 27e7d6cbe021f37244b643f06a98e46767255f7c2907108dd3736f042757ddad
  md5: e1bc5a3015a4bbeb304706dba5a32b7f
  depends:
  - __osx >=11.0
  - bzip2 >=1.0.8,<2.0a0
  - libexpat >=2.7.5,<3.0a0
  - libffi >=3.5.2,<3.6.0a0
  - liblzma >=5.8.2,<6.0a0
  - libmpdec >=4.0.0,<5.0a0
  - libsqlite >=3.52.0,<4.0a0
  - libzlib >=1.3.2,<2.0a0
  - ncurses >=6.5,<7.0a0
  - openssl >=3.5.6,<4.0a0
  - python_abi 3.14.* *_cp314
  - readline >=8.3,<9.0a0
  - tk >=8.6.13,<8.7.0a0
  - tzdata
  - zstd >=1.5.7,<1.6.0a0
  license: Python-2.0
  size: 13533346
  timestamp: 1775616188373
  python_site_packages_path: lib/python3.14/site-packages
- conda: https://conda.anaconda.org/conda-forge/noarch/python-discovery-1.2.2-pyhcf101f3_0.conda
  sha256: 498ad019d75ba31c7891dc6d9efc8a7ed48cd5d5973f3a9377eb1b174577d3db
  md5: feb2e11368da12d6ce473b6573efab41
  depends:
  - python >=3.10
  - filelock >=3.15.4
  - platformdirs <5,>=4.3.6
  - python
  license: MIT
  license_family: MIT
  size: 34341
  timestamp: 1775586706825
- conda: https://conda.anaconda.org/conda-forge/noarch/python_abi-3.14-8_cp314.conda
  build_number: 8
  sha256: ad6d2e9ac39751cc0529dd1566a26751a0bf2542adb0c232533d32e176e21db5
  md5: 0539938c55b6b1a59b560e843ad864a4
  constrains:
  - python 3.14.* *_cp314
  license: BSD-3-Clause
  license_family: BSD
  size: 6989
  timestamp: 1752805904792
- conda: https://conda.anaconda.org/conda-forge/linux-64/pyyaml-6.0.3-py314h67df5f8_1.conda
  sha256: b318fb070c7a1f89980ef124b80a0b5ccf3928143708a85e0053cde0169c699d
  md5: 2035f68f96be30dc60a5dfd7452c7941
  depends:
  - __glibc >=2.17,<3.0.a0
  - libgcc >=14
  - python >=3.14,<3.15.0a0
  - python_abi 3.14.* *_cp314
  - yaml >=0.2.5,<0.3.0a0
  license: MIT
  license_family: MIT
  size: 202391
  timestamp: 1770223462836
- conda: https://conda.anaconda.org/conda-forge/osx-arm64/pyyaml-6.0.3-py314h6e9b3f0_1.conda
  sha256: 95f385f9606e30137cf0b5295f63855fd22223a4cf024d306cf9098ea1c4a252
  md5: dcf51e564317816cb8d546891019b3ab
  depends:
  - __osx >=11.0
  - python >=3.14,<3.15.0a0
  - python >=3.14,<3.15.0a0 *_cp314
  - python_abi 3.14.* *_cp314
  - yaml >=0.2.5,<0.3.0a0
  license: MIT
  license_family: MIT
  size: 189475
  timestamp: 1770223788648
- conda: https://conda.anaconda.org/conda-forge/linux-64/readline-8.3-h853b02a_0.conda
  sha256: 12ffde5a6f958e285aa22c191ca01bbd3d6e710aa852e00618fa6ddc59149002
  md5: d7d95fc8287ea7bf33e0e7116d2b95ec
  depends:
  - __glibc >=2.17,<3.0.a0
  - libgcc >=14
  - ncurses >=6.5,<7.0a0
  license: GPL-3.0-only
  license_family: GPL
  size: 345073
  timestamp: 1765813471974
- conda: https://conda.anaconda.org/conda-forge/osx-arm64/readline-8.3-h46df422_0.conda
  sha256: a77010528efb4b548ac2a4484eaf7e1c3907f2aec86123ed9c5212ae44502477
  md5: f8381319127120ce51e081dce4865cf4
  depends:
  - __osx >=11.0
  - ncurses >=6.5,<7.0a0
  license: GPL-3.0-only
  license_family: GPL
  size: 313930
  timestamp: 1765813902568
- conda: https://conda.anaconda.org/conda-forge/noarch/requests-2.33.1-pyhcf101f3_0.conda
  sha256: c0249bc4bf4c0e8e06d0e7b4d117a5d593cc4ab2144d5006d6d47c83cb0af18e
  md5: 10afbb4dbf06ff959ad25a92ccee6e59
  depends:
  - python >=3.10
  - certifi >=2023.5.7
  - charset-normalizer >=2,<4
  - idna >=2.5,<4
  - urllib3 >=1.26,<3
  - python
  constrains:
  - chardet >=3.0.2,<6
  license: Apache-2.0
  license_family: APACHE
  size: 63712
  timestamp: 1774894783063
- conda: https://conda.anaconda.org/conda-forge/noarch/setuptools-75.8.0-pyhff2d567_0.conda
  sha256: e0778e4f276e9a81b51c56f51ec22a27b4d8fc955abc0be77ad09ca9bea06bb9
  md5: 8f28e299c11afdd79e0ec1e279dcdc52
  depends:
  - python >=3.9
  license: MIT
  license_family: MIT
  size: 775598
  timestamp: 1736512753595
- conda: https://conda.anaconda.org/conda-forge/noarch/setuptools-82.0.1-pyh332efcf_0.conda
  sha256: 82088a6e4daa33329a30bc26dc19a98c7c1d3f05c0f73ce9845d4eab4924e9e1
  md5: 8e194e7b992f99a5015edbd4ebd38efd
  depends:
  - python >=3.10
  license: MIT
  license_family: MIT
  size: 639697
  timestamp: 1773074868565
- conda: https://conda.anaconda.org/conda-forge/linux-64/tk-8.6.13-noxft_h4845f30_101.conda
  sha256: e0569c9caa68bf476bead1bed3d79650bb080b532c64a4af7d8ca286c08dea4e
  md5: d453b98d9c83e71da0741bb0ff4d76bc
  depends:
  - libgcc-ng >=12
  - libzlib >=1.2.13,<2.0.0a0
  license: TCL
  license_family: BSD
  size: 3318875
  timestamp: 1699202167581
- conda: https://conda.anaconda.org/conda-forge/osx-arm64/tk-8.6.13-h010d191_3.conda
  sha256: 799cab4b6cde62f91f750149995d149bc9db525ec12595e8a1d91b9317f038b3
  md5: a9d86bc62f39b94c4661716624eb21b0
  depends:
  - __osx >=11.0
  - libzlib >=1.3.1,<2.0a0
  license: TCL
  license_family: BSD
  size: 3127137
  timestamp: 1769460817696
- conda: https://conda.anaconda.org/conda-forge/noarch/typing_extensions-4.15.0-pyhcf101f3_0.conda
  sha256: 032271135bca55aeb156cee361c81350c6f3fb203f57d024d7e5a1fc9ef18731
  md5: 0caa1af407ecff61170c9437a808404d
  depends:
  - python >=3.10
  - python
  license: PSF-2.0
  license_family: PSF
  size: 51692
  timestamp: 1756220668932
- conda: https://conda.anaconda.org/conda-forge/noarch/tzdata-2025a-h78e105d_0.conda
  sha256: c4b1ae8a2931fe9b274c44af29c5475a85b37693999f8c792dad0f8c6734b1de
  md5: dbcace4706afdfb7eb891f7b37d07c04
  license: LicenseRef-Public-Domain
  size: 122921
  timestamp: 1737119101255
- conda: https://conda.anaconda.org/conda-forge/noarch/tzdata-2025c-hc9c84f9_1.conda
  sha256: 1d30098909076af33a35017eed6f2953af1c769e273a0626a04722ac4acaba3c
  md5: ad659d0a2b3e47e38d829aa8cad2d610
  license: LicenseRef-Public-Domain
  size: 119135
  timestamp: 1767016325805
- conda: https://conda.anaconda.org/conda-forge/linux-64/ukkonen-1.1.0-py314h9891dd4_0.conda
  sha256: c84034056dc938c853e4f61e72e5bd37e2ec91927a661fb9762f678cbea52d43
  md5: 5d3c008e54c7f49592fca9c32896a76f
  depends:
  - __glibc >=2.17,<3.0.a0
  - cffi
  - libgcc >=14
  - libstdcxx >=14
  - python >=3.14,<3.15.0a0
  - python_abi 3.14.* *_cp314
  license: MIT
  license_family: MIT
  size: 15004
  timestamp: 1769438727085
- conda: https://conda.anaconda.org/conda-forge/osx-arm64/ukkonen-1.1.0-py314h6cfcd04_0.conda
  sha256: 033dbf9859fe58fb85350cf6395be6b1346792e1766d2d5acab538a6eb3659fb
  md5: e229f444fbdb28d8c4f40e247154d993
  depends:
  - __osx >=11.0
  - cffi
  - libcxx >=19
  - python >=3.14,<3.15.0a0
  - python >=3.14,<3.15.0a0 *_cp314
  - python_abi 3.14.* *_cp314
  license: MIT
  license_family: MIT
  size: 14884
  timestamp: 1769439056290
- conda: https://conda.anaconda.org/conda-forge/noarch/urllib3-2.3.0-pyhd8ed1ab_0.conda
  sha256: 114919ffa80c328127dab9c8e7a38f9d563c617691fb81fccb11c1e86763727e
  md5: 32674f8dbfb7b26410ed580dd3c10a29
  depends:
  - brotli-python >=1.0.9
  - h2 >=4,<5
  - pysocks >=1.5.6,<2.0,!=1.5.7
  - python >=3.9
  - zstandard >=0.18.0
  license: MIT
  license_family: MIT
  size: 100102
  timestamp: 1734859520452
- conda: https://conda.anaconda.org/conda-forge/noarch/urllib3-2.6.3-pyhd8ed1ab_0.conda
  sha256: af641ca7ab0c64525a96fd9ad3081b0f5bcf5d1cbb091afb3f6ed5a9eee6111a
  md5: 9272daa869e03efe68833e3dc7a02130
  depends:
  - backports.zstd >=1.0.0
  - brotli-python >=1.2.0
  - h2 >=4,<5
  - pysocks >=1.5.6,<2.0,!=1.5.7
  - python >=3.10
  license: MIT
  license_family: MIT
  size: 103172
  timestamp: 1767817860341
- conda: https://conda.anaconda.org/conda-forge/noarch/virtualenv-20.29.1-pyhd8ed1ab_0.conda
  sha256: f09a9f2034669762ae875858253d472588f03689843e5f0b8ddc5cc48a1d0e50
  md5: de06336c9833cffd2a4bd6f27c4cf8ea
  depends:
  - distlib >=0.3.7,<1
  - filelock >=3.12.2,<4
  - platformdirs >=3.9.1,<5
  - python >=3.9
  license: MIT
  license_family: MIT
  size: 3501167
  timestamp: 1737145224475
- conda: https://conda.anaconda.org/conda-forge/noarch/virtualenv-21.2.0-pyhcf101f3_0.conda
  sha256: b83246d145ba0e6814d2ed0b616293e56924e6c7d6649101f5a4f97f9e757ed1
  md5: 704c22301912f7e37d0a92b2e7d5942d
  depends:
  - python >=3.10
  - distlib >=0.3.7,<1
  - filelock <4,>=3.24.2
  - importlib-metadata >=6.6
  - platformdirs >=3.9.1,<5
  - python-discovery >=1
  - typing_extensions >=4.13.2
  - python
  license: MIT
  license_family: MIT
  size: 4647775
  timestamp: 1773133660203
- conda: https://conda.anaconda.org/conda-forge/linux-64/yaml-0.2.5-h7f98852_2.tar.bz2
  sha256: a4e34c710eeb26945bdbdaba82d3d74f60a78f54a874ec10d373811a5d217535
  md5: 4cb3ad778ec2d5a7acbdf254eb1c42ae
  depends:
  - libgcc-ng >=9.4.0
  license: MIT
  license_family: MIT
  size: 89141
  timestamp: 1641346969816
- conda: https://conda.anaconda.org/conda-forge/osx-arm64/yaml-0.2.5-h925e9cb_3.conda
  sha256: b03433b13d89f5567e828ea9f1a7d5c5d697bf374c28a4168d71e9464f5dafac
  md5: 78a0fe9e9c50d2c381e8ee47e3ea437d
  depends:
  - __osx >=11.0
  license: MIT
  license_family: MIT
  size: 83386
  timestamp: 1753484079473
- conda: https://conda.anaconda.org/conda-forge/noarch/zipp-3.23.0-pyhcf101f3_1.conda
  sha256: b4533f7d9efc976511a73ef7d4a2473406d7f4c750884be8e8620b0ce70f4dae
  md5: 30cd29cb87d819caead4d55184c1d115
  depends:
  - python >=3.10
  - python
  license: MIT
  license_family: MIT
  size: 24194
  timestamp: 1764460141901
- conda: https://conda.anaconda.org/conda-forge/linux-64/zstandard-0.25.0-py314h0f05182_1.conda
  sha256: e589f694b44084f2e04928cabd5dda46f20544a512be2bdb0d067d498e4ac8d0
  md5: 2930a6e1c7b3bc5f66172e324a8f5fc3
  depends:
  - python
  - cffi >=1.11
  - zstd >=1.5.7,<1.5.8.0a0
  - __glibc >=2.17,<3.0.a0
  - libgcc >=14
  - zstd >=1.5.7,<1.6.0a0
  - python_abi 3.14.* *_cp314
  license: BSD-3-Clause
  license_family: BSD
  size: 473605
  timestamp: 1762512687493
- conda: https://conda.anaconda.org/conda-forge/linux-64/zstd-1.5.7-hb78ec9c_6.conda
  sha256: 68f0206ca6e98fea941e5717cec780ed2873ffabc0e1ed34428c061e2c6268c7
  md5: 4a13eeac0b5c8e5b8ab496e6c4ddd829
  depends:
  - __glibc >=2.17,<3.0.a0
  - libzlib >=1.3.1,<2.0a0
  license: BSD-3-Clause
  license_family: BSD
  size: 601375
  timestamp: 1764777111296
- conda: https://conda.anaconda.org/conda-forge/osx-arm64/zstd-1.5.7-hbf9d68e_6.conda
  sha256: 9485ba49e8f47d2b597dd399e88f4802e100851b27c21d7525625b0b4025a5d9
  md5: ab136e4c34e97f34fb621d2592a393d8
  depends:
  - __osx >=11.0
  - libzlib >=1.3.1,<2.0a0
  license: BSD-3-Clause
  license_family: BSD
  size: 433413
  timestamp: 1764777166076
